{
  "name": "crawli",
  "version": "1.0.0",
  "lockfileVersion": 1,
  "requires": true,
  "dependencies": {
    "now": {
      "version": "15.2.0",
      "resolved": "https://registry.npmjs.org/now/-/now-15.2.0.tgz",
      "integrity": "sha512-NAHziNTs2ptFizCvKHjSt69ixl7wG39Zf+hjnetM1ulMFc2jc++bDPPL1m62aQkCPbFwRmuxQtggW1i0/WRU7g==",
      "dev": true
    }
  }
}
